
Microsoft Visual Studio Solution File, Format Version 12.00
# Visual Studio Version 16
VisualStudioVersion = 16.0.31911.196
MinimumVisualStudioVersion = 10.0.40219.1
Project("{9A19103F-16F7-4668-BE54-9A1E7A4F7556}") = "DDM.API.Web", "DDM.API.Web\DDM.API.Web.csproj", "{B4B19572-7012-4553-924F-19D6230BB6B8}"
EndProject
Project("{FAE04EC0-301F-11D3-BF4B-00C04F79EFBC}") = "DDM.API.Core", "DDM.API.Core\DDM.API.Core.csproj", "{994FEC49-CB32-4CA6-9D89-0F41E2162307}"
EndProject
Project("{FAE04EC0-301F-11D3-BF4B-00C04F79EFBC}") = "DDM.API.Infrastructure", "DDM.API.Infrastructure\DDM.API.Infrastructure.csproj", "{1419939F-5508-4D78-8BAC-2D51A25B076A}"
EndProject
Global
	GlobalSection(SolutionConfigurationPlatforms) = preSolution
		Debug|Any CPU = Debug|Any CPU
		Release|Any CPU = Release|Any CPU
	EndGlobalSection
	GlobalSection(ProjectConfigurationPlatforms) = postSolution
		{B4B19572-7012-4553-924F-19D6230BB6B8}.Debug|Any CPU.ActiveCfg = Debug|Any CPU
		{B4B19572-7012-4553-924F-19D6230BB6B8}.Debug|Any CPU.Build.0 = Debug|Any CPU
		{B4B19572-7012-4553-924F-19D6230BB6B8}.Release|Any CPU.ActiveCfg = Release|Any CPU
		{B4B19572-7012-4553-924F-19D6230BB6B8}.Release|Any CPU.Build.0 = Release|Any CPU
		{994FEC49-CB32-4CA6-9D89-0F41E2162307}.Debug|Any CPU.ActiveCfg = Debug|Any CPU
		{994FEC49-CB32-4CA6-9D89-0F41E2162307}.Debug|Any CPU.Build.0 = Debug|Any CPU
		{994FEC49-CB32-4CA6-9D89-0F41E2162307}.Release|Any CPU.ActiveCfg = Release|Any CPU
		{994FEC49-CB32-4CA6-9D89-0F41E2162307}.Release|Any CPU.Build.0 = Release|Any CPU
		{1419939F-5508-4D78-8BAC-2D51A25B076A}.Debug|Any CPU.ActiveCfg = Debug|Any CPU
		{1419939F-5508-4D78-8BAC-2D51A25B076A}.Debug|Any CPU.Build.0 = Debug|Any CPU
		{1419939F-5508-4D78-8BAC-2D51A25B076A}.Release|Any CPU.ActiveCfg = Release|Any CPU
		{1419939F-5508-4D78-8BAC-2D51A25B076A}.Release|Any CPU.Build.0 = Release|Any CPU
	EndGlobalSection
	GlobalSection(SolutionProperties) = preSolution
		HideSolutionNode = FALSE
	EndGlobalSection
	GlobalSection(ExtensibilityGlobals) = postSolution
		SolutionGuid = {E8CDF9F3-8183-410C-803F-209A51FD18E6}
	EndGlobalSection
EndGlobal
